Microsoft Visual Studio Solution File, Format Version 11.00
# Visual Studio 2008

Project("{C6EFE4B8-9B5E-D2C7-EA29-C13A8EF27F83}") = "Finger_Tremble", "Assembly-CSharp-firstpass.csproj", "{B75324B4-39FA-69D1-EACE-CC4376913D21}"
EndProject
Project("{C6EFE4B8-9B5E-D2C7-EA29-C13A8EF27F83}") = "Finger_Tremble", "Assembly-CSharp.csproj", "{A18C095C-D033-8152-CCDA-370F4E15E0E1}"
EndProject
Project("{C6EFE4B8-9B5E-D2C7-EA29-C13A8EF27F83}") = "Finger_Tremble", "Assembly-UnityScript-firstpass.unityproj", "{6F5D4BE0-A815-887C-4F0E-816CF0FEC164}"
EndProject
Project("{C6EFE4B8-9B5E-D2C7-EA29-C13A8EF27F83}") = "Finger_Tremble", "Assembly-UnityScript.unityproj", "{1BEB9F14-63D8-2BE1-7CC4-D25684E10D85}"
EndProject
Global
	GlobalSection(SolutionConfigurationPlatforms) = preSolution
		Debug|Any CPU = Debug|Any CPU
		Release|Any CPU = Release|Any CPU
	EndGlobalSection
	GlobalSection(ProjectConfigurationPlatforms) = postSolution
		{B75324B4-39FA-69D1-EACE-CC4376913D21}.Debug|Any CPU.ActiveCfg = Debug|Any CPU
		{B75324B4-39FA-69D1-EACE-CC4376913D21}.Debug|Any CPU.Build.0 = Debug|Any CPU
		{B75324B4-39FA-69D1-EACE-CC4376913D21}.Release|Any CPU.ActiveCfg = Release|Any CPU
		{B75324B4-39FA-69D1-EACE-CC4376913D21}.Release|Any CPU.Build.0 = Release|Any CPU
		{A18C095C-D033-8152-CCDA-370F4E15E0E1}.Debug|Any CPU.ActiveCfg = Debug|Any CPU
		{A18C095C-D033-8152-CCDA-370F4E15E0E1}.Debug|Any CPU.Build.0 = Debug|Any CPU
		{A18C095C-D033-8152-CCDA-370F4E15E0E1}.Release|Any CPU.ActiveCfg = Release|Any CPU
		{A18C095C-D033-8152-CCDA-370F4E15E0E1}.Release|Any CPU.Build.0 = Release|Any CPU
		{6F5D4BE0-A815-887C-4F0E-816CF0FEC164}.Debug|Any CPU.ActiveCfg = Debug|Any CPU
		{6F5D4BE0-A815-887C-4F0E-816CF0FEC164}.Debug|Any CPU.Build.0 = Debug|Any CPU
		{6F5D4BE0-A815-887C-4F0E-816CF0FEC164}.Release|Any CPU.ActiveCfg = Release|Any CPU
		{6F5D4BE0-A815-887C-4F0E-816CF0FEC164}.Release|Any CPU.Build.0 = Release|Any CPU
		{1BEB9F14-63D8-2BE1-7CC4-D25684E10D85}.Debug|Any CPU.ActiveCfg = Debug|Any CPU
		{1BEB9F14-63D8-2BE1-7CC4-D25684E10D85}.Debug|Any CPU.Build.0 = Debug|Any CPU
		{1BEB9F14-63D8-2BE1-7CC4-D25684E10D85}.Release|Any CPU.ActiveCfg = Release|Any CPU
		{1BEB9F14-63D8-2BE1-7CC4-D25684E10D85}.Release|Any CPU.Build.0 = Release|Any CPU
	EndGlobalSection
	GlobalSection(SolutionProperties) = preSolution
		HideSolutionNode = FALSE
	EndGlobalSection
																																						GlobalSection(MonoDevelopProperties) = preSolution
		StartupItem = Assembly-CSharp.csproj
		Policies = $0
		$0.TextStylePolicy = $1
		$1.inheritsSet = null
		$1.scope = text/x-csharp
		$0.CSharpFormattingPolicy = $2
		$2.inheritsSet = Mono
		$2.inheritsScope = text/x-csharp
		$2.scope = text/x-csharp
		$0.TextStylePolicy = $3
		$3.FileWidth = 120
		$3.TabWidth = 4
		$3.EolMarker = Unix
		$3.inheritsSet = Mono
		$3.inheritsScope = text/plain
		$3.scope = text/plain
	EndGlobalSection

EndGlobal
